
Microsoft Visual Studio Solution File, Format Version 12.00
# Visual Studio Version 16
VisualStudioVersion = 16.0.29709.97
MinimumVisualStudioVersion = 10.0.40219.1
Project("{FAE04EC0-301F-11D3-BF4B-00C04F79EFBC}") = "quiz", "quiz\quiz.csproj", "{6C212117-78F8-4682-96F9-DF2FCFA81A02}"
EndProject
Global
	GlobalSection(SolutionConfigurationPlatforms) = preSolution
		Debug|Any CPU = Debug|Any CPU
		Release|Any CPU = Release|Any CPU
	EndGlobalSection
	GlobalSection(ProjectConfigurationPlatforms) = postSolution
		{6C212117-78F8-4682-96F9-DF2FCFA81A02}.Debug|Any CPU.ActiveCfg = Debug|Any CPU
		{6C212117-78F8-4682-96F9-DF2FCFA81A02}.Debug|Any CPU.Build.0 = Debug|Any CPU
		{6C212117-78F8-4682-96F9-DF2FCFA81A02}.Release|Any CPU.ActiveCfg = Release|Any CPU
		{6C212117-78F8-4682-96F9-DF2FCFA81A02}.Release|Any CPU.Build.0 = Release|Any CPU
	EndGlobalSection
	GlobalSection(SolutionProperties) = preSolution
		HideSolutionNode = FALSE
	EndGlobalSection
	GlobalSection(ExtensibilityGlobals) = postSolution
		SolutionGuid = {C65D0CF1-D265-4F30-9A3B-5797C6E7E3BA}
	EndGlobalSection
EndGlobal
